
Microsoft Visual Studio Solution File, Format Version 12.00
# Visual Studio 2017
Project("{FAE04EC0-301F-11D3-BF4B-00C04F79EFBC}") = "ExamApril2018", "ExamApril2018.csproj", "{6C4F3C8D-9DA6-2AA6-81C9-FC2B877F8824}"
EndProject
Global
	GlobalSection(SolutionConfigurationPlatforms) = preSolution
		Debug|Any CPU = Debug|Any CPU
		Release|Any CPU = Release|Any CPU
	EndGlobalSection
	GlobalSection(ProjectConfigurationPlatforms) = postSolution
		{6C4F3C8D-9DA6-2AA6-81C9-FC2B877F8824}.Debug|Any CPU.ActiveCfg = Debug|Any CPU
		{6C4F3C8D-9DA6-2AA6-81C9-FC2B877F8824}.Debug|Any CPU.Build.0 = Debug|Any CPU
		{6C4F3C8D-9DA6-2AA6-81C9-FC2B877F8824}.Release|Any CPU.ActiveCfg = Release|Any CPU
		{6C4F3C8D-9DA6-2AA6-81C9-FC2B877F8824}.Release|Any CPU.Build.0 = Release|Any CPU
	EndGlobalSection
	GlobalSection(SolutionProperties) = preSolution
		HideSolutionNode = FALSE
	EndGlobalSection
EndGlobal
